{
  "nodes": {
    "network-compiler": {
      "inputs": {
        "network-labs": [
          "network-labs"
        ],
        "nixpkgs": [
          "network-forwarding-model",
          "nixpkgs"
        ],
        "nixpkgs-network": "nixpkgs-network"
      },
      "locked": {
        "lastModified": 1783685369,
        "narHash": "sha256-0UDv76iKjhzdMTaXA9gHmwWsEY4szSDQO1C9K7IHIdE=",
        "owner": "esp0xdeadbeef",
        "repo": "network-compiler",
        "rev": "8a2231c4ead4b77078430ccf60dbd2921d9351ff",
        "type": "github"
      },
      "original": {
        "owner": "esp0xdeadbeef",
        "repo": "network-compiler",
        "type": "github"
      }
    },
    "network-forwarding-model": {
      "inputs": {
        "network-compiler": "network-compiler",
        "network-labs": [
          "network-labs"
        ],
        "nixpkgs": [
          "nixpkgs"
        ],
        "nixpkgs-network": "nixpkgs-network_2"
      },
      "locked": {
        "lastModified": 1783714693,
        "narHash": "sha256-L6wbmbb+sbvPsnB8Raptzce9gBP4y4ngUXi3MZRE3uc=",
        "owner": "esp0xdeadbeef",
        "repo": "network-forwarding-model",
        "rev": "f1b8a153649a2b39c28ec6552ca0c9396c420ba8",
        "type": "github"
      },
      "original": {
        "owner": "esp0xdeadbeef",
        "ref": "main",
        "repo": "network-forwarding-model",
        "type": "github"
      }
    },
    "network-labs": {
      "locked": {
        "lastModified": 1783715085,
        "narHash": "sha256-pTQq7nkHLuIKtISl5wKnIe9OyDrCxXr/m2QHdFix728=",
        "owner": "esp0xdeadbeef",
        "repo": "network-labs",
        "rev": "04073c7ad6d2da8e910582abb429f8882506f5a6",
        "type": "github"
      },
      "original": {
        "owner": "esp0xdeadbeef",
        "ref": "main",
        "repo": "network-labs",
        "type": "github"
      }
    },
    "nixpkgs": {
      "locked": {
        "lastModified": 1782467914,
        "narHash": "sha256-pGvFkM8N0xEkIIXDe5YYfbEAvHrk4IxBrjB/x8OomhE=",
        "owner": "NixOS",
        "repo": "nixpkgs",
        "rev": "e73de5be04e0eff4190a1432b946d469c794e7b4",
        "type": "github"
      },
      "original": {
        "owner": "NixOS",
        "ref": "nixos-unstable",
        "repo": "nixpkgs",
        "type": "github"
      }
    },
    "nixpkgs-network": {
      "locked": {
        "lastModified": 1722112448,
        "narHash": "sha256-Ugp/K1wA7N0u0xE27YP/fvFaZqK9dYKSjJ/OoTdQ7rc=",
        "owner": "NixOS",
        "repo": "nixpkgs",
        "rev": "ac56c456ebe4901c561d3ebf1c98fbd970aea753",
        "type": "github"
      },
      "original": {
        "owner": "NixOS",
        "repo": "nixpkgs",
        "rev": "ac56c456ebe4901c561d3ebf1c98fbd970aea753",
        "type": "github"
      }
    },
    "nixpkgs-network_2": {
      "locked": {
        "lastModified": 1722112448,
        "narHash": "sha256-Ugp/K1wA7N0u0xE27YP/fvFaZqK9dYKSjJ/OoTdQ7rc=",
        "owner": "NixOS",
        "repo": "nixpkgs",
        "rev": "ac56c456ebe4901c561d3ebf1c98fbd970aea753",
        "type": "github"
      },
      "original": {
        "owner": "NixOS",
        "repo": "nixpkgs",
        "rev": "ac56c456ebe4901c561d3ebf1c98fbd970aea753",
        "type": "github"
      }
    },
    "nixpkgs-network_3": {
      "locked": {
        "lastModified": 1722112448,
        "narHash": "sha256-Ugp/K1wA7N0u0xE27YP/fvFaZqK9dYKSjJ/OoTdQ7rc=",
        "owner": "NixOS",
        "repo": "nixpkgs",
        "rev": "ac56c456ebe4901c561d3ebf1c98fbd970aea753",
        "type": "github"
      },
      "original": {
        "owner": "NixOS",
        "repo": "nixpkgs",
        "rev": "ac56c456ebe4901c561d3ebf1c98fbd970aea753",
        "type": "github"
      }
    },
    "root": {
      "inputs": {
        "network-forwarding-model": "network-forwarding-model",
        "network-labs": "network-labs",
        "nixpkgs": "nixpkgs",
        "nixpkgs-network": "nixpkgs-network_3"
      }
    }
  },
  "root": "root",
  "version": 7
}
